PODS:
  - Kingfisher (5.5.0)
  - SnapKit (5.0.0)

DEPENDENCIES:
  - Kingfisher
  - SnapKit

SPEC REPOS:
  https://github.com/cocoapods/specs.git:
    - Kingfisher
    - SnapKit

SPEC CHECKSUMS:
  Kingfisher: 6fe5e67a90fd335e49b0f5c075ff55ac5ebedd94
  SnapKit: fd22d10eb9aff484d79a8724eab922c1ddf89bcf

PODFILE CHECKSUM: 6189572bbbb0f6b94eaed42916bcd364f109532b

COCOAPODS: 1.6.1
